// !$*UTF8*$!
{
	archiveVersion = 1;
	classes = {
	};
	objectVersion = 54;
	objects = {

/* Begin PBXBuildFile section */
		02B6083C3A80C5B435A1AD51 /* Pods_Articles_List.framework in Frameworks */ = {isa = PBXBuildFile; fileRef = 04FD78437508ABE5F577474C /* Pods_Articles_List.framework */; };
		0F1ABA0426208D3500A6E32D /* APIController.swift in Sources */ = {isa = PBXBuildFile; fileRef = 0F1ABA0326208D3500A6E32D /* APIController.swift */; };
		0F1ABA0C2620906C00A6E32D /* ArticleModel.swift in Sources */ = {isa = PBXBuildFile; fileRef = 0F1ABA0B2620906C00A6E32D /* ArticleModel.swift */; };
		0F1ABA112620AAF100A6E32D /* ArticleModelCD.xcdatamodeld in Sources */ = {isa = PBXBuildFile; fileRef = 0F1ABA0F2620AAF100A6E32D /* ArticleModelCD.xcdatamodeld */; };
		0F42E5B5262024F2006EB74C /* NetworkCheck.swift in Sources */ = {isa = PBXBuildFile; fileRef = 0F42E5B4262024F2006EB74C /* NetworkCheck.swift */; };
		0F42E5BA262028DD006EB74C /* ArticleTableViewCell.swift in Sources */ = {isa = PBXBuildFile; fileRef = 0F42E5B8262028DD006EB74C /* ArticleTableViewCell.swift */; };
		0F42E5BB262028DD006EB74C /* ArticleTableViewCell.xib in Resources */ = {isa = PBXBuildFile; fileRef = 0F42E5B9262028DD006EB74C /* ArticleTableViewCell.xib */; };
		0F42E5C026202CE0006EB74C /* ArticleDetailsViewController.swift in Sources */ = {isa = PBXBuildFile; fileRef = 0F42E5BE26202CE0006EB74C /* ArticleDetailsViewController.swift */; };
		0F42E5C126202CE0006EB74C /* ArticleDetailsViewController.xib in Resources */ = {isa = PBXBuildFile; fileRef = 0F42E5BF26202CE0006EB74C /* ArticleDetailsViewController.xib */; };
		0F49DA5D26313AD8001493FE /* Extension+Int.swift in Sources */ = {isa = PBXBuildFile; fileRef = 0F49DA5C26313AD8001493FE /* Extension+Int.swift */; };
		0F49DA6026313B42001493FE /* Strings.swift in Sources */ = {isa = PBXBuildFile; fileRef = 0F49DA5F26313B42001493FE /* Strings.swift */; };
		0F5A0B8E2631A5A300B17D4F /* Articles_List_Tests.swift in Sources */ = {isa = PBXBuildFile; fileRef = 0F5A0B8D2631A5A300B17D4F /* Articles_List_Tests.swift */; };
		0FC0FFAD261FE69900DB0768 /* AppDelegate.swift in Sources */ = {isa = PBXBuildFile; fileRef = 0FC0FFAC261FE69900DB0768 /* AppDelegate.swift */; };
		0FC0FFB6261FE69900DB0768 /* Assets.xcassets in Resources */ = {isa = PBXBuildFile; fileRef = 0FC0FFB5261FE69900DB0768 /* Assets.xcassets */; };
		0FC0FFCA261FE79E00DB0768 /* MainListViewController.swift in Sources */ = {isa = PBXBuildFile; fileRef = 0FC0FFC8261FE79E00DB0768 /* MainListViewController.swift */; };
		0FC0FFCB261FE79E00DB0768 /* MainListViewController.xib in Resources */ = {isa = PBXBuildFile; fileRef = 0FC0FFC9261FE79E00DB0768 /* MainListViewController.xib */; };
		0FC0FFD0261FE96000DB0768 /* SceneDelegate.swift in Sources */ = {isa = PBXBuildFile; fileRef = 0FC0FFCF261FE95F00DB0768 /* SceneDelegate.swift */; };
		0FC0FFD6261FEC9700DB0768 /* Extensions+UIViewController.swift in Sources */ = {isa = PBXBuildFile; fileRef = 0FC0FFD5261FEC9700DB0768 /* Extensions+UIViewController.swift */; };
/* End PBXBuildFile section */

/* Begin PBXContainerItemProxy section */
		0F5A0B902631A5A300B17D4F /* PBXContainerItemProxy */ = {
			isa = PBXContainerItemProxy;
			containerPortal = 0FC0FFA1261FE69900DB0768 /* Project object */;
			proxyType = 1;
			remoteGlobalIDString = 0FC0FFA8261FE69900DB0768;
			remoteInfo = "Articles List";
		};
/* End PBXContainerItemProxy section */

/* Begin PBXFileReference section */
		04FD78437508ABE5F577474C /* Pods_Articles_List.framework */ = {isa = PBXFileReference; explicitFileType = wrapper.framework; includeInIndex = 0; path = Pods_Articles_List.framework; sourceTree = BUILT_PRODUCTS_DIR; };
		0F1ABA0326208D3500A6E32D /* APIController.swift */ = {isa = PBXFileReference; lastKnownFileType = sourcecode.swift; path = APIController.swift; sourceTree = "<group>"; };
		0F1ABA0B2620906C00A6E32D /* ArticleModel.swift */ = {isa = PBXFileReference; lastKnownFileType = sourcecode.swift; path = ArticleModel.swift; sourceTree = "<group>"; };
		0F1ABA102620AAF100A6E32D /* ArticleModelCoreData.xcdatamodel */ = {isa = PBXFileReference; lastKnownFileType = wrapper.xcdatamodel; path = ArticleModelCoreData.xcdatamodel; sourceTree = "<group>"; };
		0F42E5B4262024F2006EB74C /* NetworkCheck.swift */ = {isa = PBXFileReference; lastKnownFileType = sourcecode.swift; path = NetworkCheck.swift; sourceTree = "<group>"; };
		0F42E5B8262028DD006EB74C /* ArticleTableViewCell.swift */ = {isa = PBXFileReference; lastKnownFileType = sourcecode.swift; path = ArticleTableViewCell.swift; sourceTree = "<group>"; };
		0F42E5B9262028DD006EB74C /* ArticleTableViewCell.xib */ = {isa = PBXFileReference; lastKnownFileType = file.xib; path = ArticleTableViewCell.xib; sourceTree = "<group>"; };
		0F42E5BE26202CE0006EB74C /* ArticleDetailsViewController.swift */ = {isa = PBXFileReference; lastKnownFileType = sourcecode.swift; path = ArticleDetailsViewController.swift; sourceTree = "<group>"; };
		0F42E5BF26202CE0006EB74C /* ArticleDetailsViewController.xib */ = {isa = PBXFileReference; lastKnownFileType = file.xib; path = ArticleDetailsViewController.xib; sourceTree = "<group>"; };
		0F49DA5C26313AD8001493FE /* Extension+Int.swift */ = {isa = PBXFileReference; lastKnownFileType = sourcecode.swift; path = "Extension+Int.swift"; sourceTree = "<group>"; };
		0F49DA5F26313B42001493FE /* Strings.swift */ = {isa = PBXFileReference; lastKnownFileType = sourcecode.swift; path = Strings.swift; sourceTree = "<group>"; };
		0F5A0B8B2631A5A300B17D4F /* Articles List_Tests.xctest */ = {isa = PBXFileReference; explicitFileType = wrapper.cfbundle; includeInIndex = 0; path = "Articles List_Tests.xctest"; sourceTree = BUILT_PRODUCTS_DIR; };
		0F5A0B8D2631A5A300B17D4F /* Articles_List_Tests.swift */ = {isa = PBXFileReference; lastKnownFileType = sourcecode.swift; path = Articles_List_Tests.swift; sourceTree = "<group>"; };
		0F5A0B8F2631A5A300B17D4F /* Info.plist */ = {isa = PBXFileReference; lastKnownFileType = text.plist.xml; path = Info.plist; sourceTree = "<group>"; };
		0FC0FFA9261FE69900DB0768 /* Articles List.app */ = {isa = PBXFileReference; explicitFileType = wrapper.application; includeInIndex = 0; path = "Articles List.app"; sourceTree = BUILT_PRODUCTS_DIR; };
		0FC0FFAC261FE69900DB0768 /* AppDelegate.swift */ = {isa = PBXFileReference; lastKnownFileType = sourcecode.swift; path = AppDelegate.swift; sourceTree = "<group>"; };
		0FC0FFB5261FE69900DB0768 /* Assets.xcassets */ = {isa = PBXFileReference; lastKnownFileType = folder.assetcatalog; path = Assets.xcassets; sourceTree = "<group>"; };
		0FC0FFBA261FE69900DB0768 /* Info.plist */ = {isa = PBXFileReference; lastKnownFileType = text.plist.xml; path = Info.plist; sourceTree = "<group>"; };
		0FC0FFC8261FE79E00DB0768 /* MainListViewController.swift */ = {isa = PBXFileReference; lastKnownFileType = sourcecode.swift; path = MainListViewController.swift; sourceTree = "<group>"; };
		0FC0FFC9261FE79E00DB0768 /* MainListViewController.xib */ = {isa = PBXFileReference; lastKnownFileType = file.xib; path = MainListViewController.xib; sourceTree = "<group>"; };
		0FC0FFCF261FE95F00DB0768 /* SceneDelegate.swift */ = {isa = PBXFileReference; fileEncoding = 4; lastKnownFileType = sourcecode.swift; path = SceneDelegate.swift; sourceTree = "<group>"; };
		0FC0FFD5261FEC9700DB0768 /* Extensions+UIViewController.swift */ = {isa = PBXFileReference; lastKnownFileType = sourcecode.swift; path = "Extensions+UIViewController.swift"; sourceTree = "<group>"; };
		6F4AC94F8BD609E201C59A37 /* Pods-Articles List.release.xcconfig */ = {isa = PBXFileReference; includeInIndex = 1; lastKnownFileType = text.xcconfig; name = "Pods-Articles List.release.xcconfig"; path = "Target Support Files/Pods-Articles List/Pods-Articles List.release.xcconfig"; sourceTree = "<group>"; };
		B2E8CB0438EAD10F481B0B8D /* Pods-Articles List.debug.xcconfig */ = {isa = PBXFileReference; includeInIndex = 1; lastKnownFileType = text.xcconfig; name = "Pods-Articles List.debug.xcconfig"; path = "Target Support Files/Pods-Articles List/Pods-Articles List.debug.xcconfig"; sourceTree = "<group>"; };
/* End PBXFileReference section */

/* Begin PBXFrameworksBuildPhase section */
		0F5A0B882631A5A300B17D4F /* Frameworks */ = {
			isa = PBXFrameworksBuildPhase;
			buildActionMask = 2147483647;
			files = (
			);
			runOnlyForDeploymentPostprocessing = 0;
		};
		0FC0FFA6261FE69900DB0768 /* Frameworks */ = {
			isa = PBXFrameworksBuildPhase;
			buildActionMask = 2147483647;
			files = (
				02B6083C3A80C5B435A1AD51 /* Pods_Articles_List.framework in Frameworks */,
			);
			runOnlyForDeploymentPostprocessing = 0;
		};
/* End PBXFrameworksBuildPhase section */

/* Begin PBXGroup section */
		0F1ABA0E2620AAC700A6E32D /* CoreData */ = {
			isa = PBXGroup;
			children = (
				0F1ABA0F2620AAF100A6E32D /* ArticleModelCD.xcdatamodeld */,
			);
			path = CoreData;
			sourceTree = "<group>";
		};
		0F42E5B7262028CB006EB74C /* Cells */ = {
			isa = PBXGroup;
			children = (
				0F42E5B8262028DD006EB74C /* ArticleTableViewCell.swift */,
				0F42E5B9262028DD006EB74C /* ArticleTableViewCell.xib */,
			);
			path = Cells;
			sourceTree = "<group>";
		};
		0F5A0B8C2631A5A300B17D4F /* Articles List_Tests */ = {
			isa = PBXGroup;
			children = (
				0F5A0B8D2631A5A300B17D4F /* Articles_List_Tests.swift */,
				0F5A0B8F2631A5A300B17D4F /* Info.plist */,
			);
			path = "Articles List_Tests";
			sourceTree = "<group>";
		};
		0FC0FFA0261FE69900DB0768 = {
			isa = PBXGroup;
			children = (
				0FC0FFAB261FE69900DB0768 /* Articles List */,
				0F5A0B8C2631A5A300B17D4F /* Articles List_Tests */,
				0FC0FFAA261FE69900DB0768 /* Products */,
				8B403D33C7AD3CB5510F56C1 /* Pods */,
				6479B30BB39299CAA6A8A22E /* Frameworks */,
			);
			sourceTree = "<group>";
		};
		0FC0FFAA261FE69900DB0768 /* Products */ = {
			isa = PBXGroup;
			children = (
				0FC0FFA9261FE69900DB0768 /* Articles List.app */,
				0F5A0B8B2631A5A300B17D4F /* Articles List_Tests.xctest */,
			);
			name = Products;
			sourceTree = "<group>";
		};
		0FC0FFAB261FE69900DB0768 /* Articles List */ = {
			isa = PBXGroup;
			children = (
				0FC0FFC7261FE77500DB0768 /* Models */,
				0FC0FFC6261FE76800DB0768 /* Services */,
				0FC0FFC5261FE73E00DB0768 /* Controllers */,
				0FC0FFC2261FE6F200DB0768 /* Resourses */,
			);
			path = "Articles List";
			sourceTree = "<group>";
		};
		0FC0FFC2261FE6F200DB0768 /* Resourses */ = {
			isa = PBXGroup;
			children = (
				0FC0FFD4261FEC8A00DB0768 /* Extensions */,
				0F1ABA0E2620AAC700A6E32D /* CoreData */,
				0FC0FFAC261FE69900DB0768 /* AppDelegate.swift */,
				0FC0FFCF261FE95F00DB0768 /* SceneDelegate.swift */,
				0FC0FFB5261FE69900DB0768 /* Assets.xcassets */,
				0FC0FFBA261FE69900DB0768 /* Info.plist */,
				0F49DA5F26313B42001493FE /* Strings.swift */,
			);
			path = Resourses;
			sourceTree = "<group>";
		};
		0FC0FFC5261FE73E00DB0768 /* Controllers */ = {
			isa = PBXGroup;
			children = (
				0F42E5B7262028CB006EB74C /* Cells */,
				0FC0FFC8261FE79E00DB0768 /* MainListViewController.swift */,
				0FC0FFC9261FE79E00DB0768 /* MainListViewController.xib */,
				0F42E5BE26202CE0006EB74C /* ArticleDetailsViewController.swift */,
				0F42E5BF26202CE0006EB74C /* ArticleDetailsViewController.xib */,
			);
			path = Controllers;
			sourceTree = "<group>";
		};
		0FC0FFC6261FE76800DB0768 /* Services */ = {
			isa = PBXGroup;
			children = (
				0F42E5B4262024F2006EB74C /* NetworkCheck.swift */,
				0F1ABA0326208D3500A6E32D /* APIController.swift */,
			);
			path = Services;
			sourceTree = "<group>";
		};
		0FC0FFC7261FE77500DB0768 /* Models */ = {
			isa = PBXGroup;
			children = (
				0F1ABA0B2620906C00A6E32D /* ArticleModel.swift */,
			);
			path = Models;
			sourceTree = "<group>";
		};
		0FC0FFD4261FEC8A00DB0768 /* Extensions */ = {
			isa = PBXGroup;
			children = (
				0FC0FFD5261FEC9700DB0768 /* Extensions+UIViewController.swift */,
				0F49DA5C26313AD8001493FE /* Extension+Int.swift */,
			);
			path = Extensions;
			sourceTree = "<group>";
		};
		6479B30BB39299CAA6A8A22E /* Frameworks */ = {
			isa = PBXGroup;
			children = (
				04FD78437508ABE5F577474C /* Pods_Articles_List.framework */,
			);
			name = Frameworks;
			sourceTree = "<group>";
		};
		8B403D33C7AD3CB5510F56C1 /* Pods */ = {
			isa = PBXGroup;
			children = (
				B2E8CB0438EAD10F481B0B8D /* Pods-Articles List.debug.xcconfig */,
				6F4AC94F8BD609E201C59A37 /* Pods-Articles List.release.xcconfig */,
			);
			path = Pods;
			sourceTree = "<group>";
		};
/* End PBXGroup section */

/* Begin PBXNativeTarget section */
		0F5A0B8A2631A5A300B17D4F /* Articles List_Tests */ = {
			isa = PBXNativeTarget;
			buildConfigurationList = 0F5A0B922631A5A300B17D4F /* Build configuration list for PBXNativeTarget "Articles List_Tests" */;
			buildPhases = (
				0F5A0B872631A5A300B17D4F /* Sources */,
				0F5A0B882631A5A300B17D4F /* Frameworks */,
				0F5A0B892631A5A300B17D4F /* Resources */,
			);
			buildRules = (
			);
			dependencies = (
				0F5A0B912631A5A300B17D4F /* PBXTargetDependency */,
			);
			name = "Articles List_Tests";
			productName = "Articles List_Tests";
			productReference = 0F5A0B8B2631A5A300B17D4F /* Articles List_Tests.xctest */;
			productType = "com.apple.product-type.bundle.unit-test";
		};
		0FC0FFA8261FE69900DB0768 /* Articles List */ = {
			isa = PBXNativeTarget;
			buildConfigurationList = 0FC0FFBD261FE69900DB0768 /* Build configuration list for PBXNativeTarget "Articles List" */;
			buildPhases = (
				EE67FAA74B44AD85AB8D6198 /* [CP] Check Pods Manifest.lock */,
				0FC0FFA5261FE69900DB0768 /* Sources */,
				0FC0FFA6261FE69900DB0768 /* Frameworks */,
				0FC0FFA7261FE69900DB0768 /* Resources */,
				6534D3B3DC79FB55D4C68226 /* [CP] Embed Pods Frameworks */,
			);
			buildRules = (
			);
			dependencies = (
			);
			name = "Articles List";
			productName = "Articles List";
			productReference = 0FC0FFA9261FE69900DB0768 /* Articles List.app */;
			productType = "com.apple.product-type.application";
		};
/* End PBXNativeTarget section */

/* Begin PBXProject section */
		0FC0FFA1261FE69900DB0768 /* Project object */ = {
			isa = PBXProject;
			attributes = {
				LastSwiftUpdateCheck = 1230;
				LastUpgradeCheck = 1230;
				TargetAttributes = {
					0F5A0B8A2631A5A300B17D4F = {
						CreatedOnToolsVersion = 12.3;
						TestTargetID = 0FC0FFA8261FE69900DB0768;
					};
					0FC0FFA8261FE69900DB0768 = {
						CreatedOnToolsVersion = 12.3;
					};
				};
			};
			buildConfigurationList = 0FC0FFA4261FE69900DB0768 /* Build configuration list for PBXProject "Articles List" */;
			compatibilityVersion = "Xcode 12.0";
			developmentRegion = en;
			hasScannedForEncodings = 0;
			knownRegions = (
				en,
				Base,
			);
			mainGroup = 0FC0FFA0261FE69900DB0768;
			productRefGroup = 0FC0FFAA261FE69900DB0768 /* Products */;
			projectDirPath = "";
			projectRoot = "";
			targets = (
				0FC0FFA8261FE69900DB0768 /* Articles List */,
				0F5A0B8A2631A5A300B17D4F /* Articles List_Tests */,
			);
		};
/* End PBXProject section */

/* Begin PBXResourcesBuildPhase section */
		0F5A0B892631A5A300B17D4F /* Resources */ = {
			isa = PBXResourcesBuildPhase;
			buildActionMask = 2147483647;
			files = (
			);
			runOnlyForDeploymentPostprocessing = 0;
		};
		0FC0FFA7261FE69900DB0768 /* Resources */ = {
			isa = PBXResourcesBuildPhase;
			buildActionMask = 2147483647;
			files = (
				0F42E5BB262028DD006EB74C /* ArticleTableViewCell.xib in Resources */,
				0FC0FFCB261FE79E00DB0768 /* MainListViewController.xib in Resources */,
				0F42E5C126202CE0006EB74C /* ArticleDetailsViewController.xib in Resources */,
				0FC0FFB6261FE69900DB0768 /* Assets.xcassets in Resources */,
			);
			runOnlyForDeploymentPostprocessing = 0;
		};
/* End PBXResourcesBuildPhase section */

/* Begin PBXShellScriptBuildPhase section */
		6534D3B3DC79FB55D4C68226 /* [CP] Embed Pods Frameworks */ = {
			isa = PBXShellScriptBuildPhase;
			buildActionMask = 2147483647;
			files = (
			);
			inputFileListPaths = (
				"${PODS_ROOT}/Target Support Files/Pods-Articles List/Pods-Articles List-frameworks-${CONFIGURATION}-input-files.xcfilelist",
			);
			name = "[CP] Embed Pods Frameworks";
			outputFileListPaths = (
				"${PODS_ROOT}/Target Support Files/Pods-Articles List/Pods-Articles List-frameworks-${CONFIGURATION}-output-files.xcfilelist",
			);
			runOnlyForDeploymentPostprocessing = 0;
			shellPath = /bin/sh;
			shellScript = "\"${PODS_ROOT}/Target Support Files/Pods-Articles List/Pods-Articles List-frameworks.sh\"\n";
			showEnvVarsInLog = 0;
		};
		EE67FAA74B44AD85AB8D6198 /* [CP] Check Pods Manifest.lock */ = {
			isa = PBXShellScriptBuildPhase;
			buildActionMask = 2147483647;
			files = (
			);
			inputFileListPaths = (
			);
			inputPaths = (
				"${PODS_PODFILE_DIR_PATH}/Podfile.lock",
				"${PODS_ROOT}/Manifest.lock",
			);
			name = "[CP] Check Pods Manifest.lock";
			outputFileListPaths = (
			);
			outputPaths = (
				"$(DERIVED_FILE_DIR)/Pods-Articles List-checkManifestLockResult.txt",
			);
			runOnlyForDeploymentPostprocessing = 0;
			shellPath = /bin/sh;
			shellScript = "diff \"${PODS_PODFILE_DIR_PATH}/Podfile.lock\" \"${PODS_ROOT}/Manifest.lock\" > /dev/null\nif [ $? != 0 ] ; then\n    # print error to STDERR\n    echo \"error: The sandbox is not in sync with the Podfile.lock. Run 'pod install' or update your CocoaPods installation.\" >&2\n    exit 1\nfi\n# This output is used by Xcode 'outputs' to avoid re-running this script phase.\necho \"SUCCESS\" > \"${SCRIPT_OUTPUT_FILE_0}\"\n";
			showEnvVarsInLog = 0;
		};
/* End PBXShellScriptBuildPhase section */

/* Begin PBXSourcesBuildPhase section */
		0F5A0B872631A5A300B17D4F /* Sources */ = {
			isa = PBXSourcesBuildPhase;
			buildActionMask = 2147483647;
			files = (
				0F5A0B8E2631A5A300B17D4F /* Articles_List_Tests.swift in Sources */,
			);
			runOnlyForDeploymentPostprocessing = 0;
		};
		0FC0FFA5261FE69900DB0768 /* Sources */ = {
			isa = PBXSourcesBuildPhase;
			buildActionMask = 2147483647;
			files = (
				0F49DA5D26313AD8001493FE /* Extension+Int.swift in Sources */,
				0FC0FFAD261FE69900DB0768 /* AppDelegate.swift in Sources */,
				0F1ABA112620AAF100A6E32D /* ArticleModelCD.xcdatamodeld in Sources */,
				0F1ABA0C2620906C00A6E32D /* ArticleModel.swift in Sources */,
				0F42E5B5262024F2006EB74C /* NetworkCheck.swift in Sources */,
				0FC0FFCA261FE79E00DB0768 /* MainListViewController.swift in Sources */,
				0F1ABA0426208D3500A6E32D /* APIController.swift in Sources */,
				0F42E5C026202CE0006EB74C /* ArticleDetailsViewController.swift in Sources */,
				0FC0FFD0261FE96000DB0768 /* SceneDelegate.swift in Sources */,
				0F42E5BA262028DD006EB74C /* ArticleTableViewCell.swift in Sources */,
				0F49DA6026313B42001493FE /* Strings.swift in Sources */,
				0FC0FFD6261FEC9700DB0768 /* Extensions+UIViewController.swift in Sources */,
			);
			runOnlyForDeploymentPostprocessing = 0;
		};
/* End PBXSourcesBuildPhase section */

/* Begin PBXTargetDependency section */
		0F5A0B912631A5A300B17D4F /* PBXTargetDependency */ = {
			isa = PBXTargetDependency;
			target = 0FC0FFA8261FE69900DB0768 /* Articles List */;
			targetProxy = 0F5A0B902631A5A300B17D4F /* PBXContainerItemProxy */;
		};
/* End PBXTargetDependency section */

/* Begin XCBuildConfiguration section */
		0F5A0B932631A5A300B17D4F /* Debug */ = {
			isa = XCBuildConfiguration;
			buildSettings = {
				BUNDLE_LOADER = "$(TEST_HOST)";
				CODE_SIGN_STYLE = Automatic;
				DEVELOPMENT_TEAM = TXGG4M9RK8;
				INFOPLIST_FILE = "Articles List_Tests/Info.plist";
				LD_RUNPATH_SEARCH_PATHS = (
					"$(inherited)",
					"@executable_path/Frameworks",
					"@loader_path/Frameworks",
				);
				PRODUCT_BUNDLE_IDENTIFIER = "com.articles-list.Articles-List-Tests";
				PRODUCT_NAME = "$(TARGET_NAME)";
				SWIFT_VERSION = 5.0;
				TARGETED_DEVICE_FAMILY = "1,2";
				TEST_HOST = "$(BUILT_PRODUCTS_DIR)/Articles List.app/Articles List";
			};
			name = Debug;
		};
		0F5A0B942631A5A300B17D4F /* Release */ = {
			isa = XCBuildConfiguration;
			buildSettings = {
				BUNDLE_LOADER = "$(TEST_HOST)";
				CODE_SIGN_STYLE = Automatic;
				DEVELOPMENT_TEAM = TXGG4M9RK8;
				INFOPLIST_FILE = "Articles List_Tests/Info.plist";
				LD_RUNPATH_SEARCH_PATHS = (
					"$(inherited)",
					"@executable_path/Frameworks",
					"@loader_path/Frameworks",
				);
				PRODUCT_BUNDLE_IDENTIFIER = "com.articles-list.Articles-List-Tests";
				PRODUCT_NAME = "$(TARGET_NAME)";
				SWIFT_VERSION = 5.0;
				TARGETED_DEVICE_FAMILY = "1,2";
				TEST_HOST = "$(BUILT_PRODUCTS_DIR)/Articles List.app/Articles List";
			};
			name = Release;
		};
		0FC0FFBB261FE69900DB0768 /* Debug */ = {
			isa = XCBuildConfiguration;
			buildSettings = {
				ALWAYS_SEARCH_USER_PATHS = NO;
				CLANG_ANALYZER_NONNULL = YES;
				CLANG_ANALYZER_NUMBER_OBJECT_CONVERSION = YES_AGGRESSIVE;
				CLANG_CXX_LANGUAGE_STANDARD = "gnu++14";
				CLANG_CXX_LIBRARY = "libc++";
				CLANG_ENABLE_MODULES = YES;
				CLANG_ENABLE_OBJC_ARC = YES;
				CLANG_ENABLE_OBJC_WEAK = YES;
				CLANG_WARN_BLOCK_CAPTURE_AUTORELEASING = YES;
				CLANG_WARN_BOOL_CONVERSION = YES;
				CLANG_WARN_COMMA = YES;
				CLANG_WARN_CONSTANT_CONVERSION = YES;
				CLANG_WARN_DEPRECATED_OBJC_IMPLEMENTATIONS = YES;
				CLANG_WARN_DIRECT_OBJC_ISA_USAGE = YES_ERROR;
				CLANG_WARN_DOCUMENTATION_COMMENTS = YES;
				CLANG_WARN_EMPTY_BODY = YES;
				CLANG_WARN_ENUM_CONVERSION = YES;
				CLANG_WARN_INFINITE_RECURSION = YES;
				CLANG_WARN_INT_CONVERSION = YES;
				CLANG_WARN_NON_LITERAL_NULL_CONVERSION = YES;
				CLANG_WARN_OBJC_IMPLICIT_RETAIN_SELF = YES;
				CLANG_WARN_OBJC_LITERAL_CONVERSION = YES;
				CLANG_WARN_OBJC_ROOT_CLASS = YES_ERROR;
				CLANG_WARN_QUOTED_INCLUDE_IN_FRAMEWORK_HEADER = YES;
				CLANG_WARN_RANGE_LOOP_ANALYSIS = YES;
				CLANG_WARN_STRICT_PROTOTYPES = YES;
				CLANG_WARN_SUSPICIOUS_MOVE = YES;
				CLANG_WARN_UNGUARDED_AVAILABILITY = YES_AGGRESSIVE;
				CLANG_WARN_UNREACHABLE_CODE = YES;
				CLANG_WARN__DUPLICATE_METHOD_MATCH = YES;
				COPY_PHASE_STRIP = NO;
				DEBUG_INFORMATION_FORMAT = dwarf;
				ENABLE_STRICT_OBJC_MSGSEND = YES;
				ENABLE_TESTABILITY = YES;
				GCC_C_LANGUAGE_STANDARD = gnu11;
				GCC_DYNAMIC_NO_PIC = NO;
				GCC_NO_COMMON_BLOCKS = YES;
				GCC_OPTIMIZATION_LEVEL = 0;
				GCC_PREPROCESSOR_DEFINITIONS = (
					"DEBUG=1",
					"$(inherited)",
				);
				GCC_WARN_64_TO_32_BIT_CONVERSION = YES;
				GCC_WARN_ABOUT_RETURN_TYPE = YES_ERROR;
				GCC_WARN_UNDECLARED_SELECTOR = YES;
				GCC_WARN_UNINITIALIZED_AUTOS = YES_AGGRESSIVE;
				GCC_WARN_UNUSED_FUNCTION = YES;
				GCC_WARN_UNUSED_VARIABLE = YES;
				IPHONEOS_DEPLOYMENT_TARGET = 14.3;
				MTL_ENABLE_DEBUG_INFO = INCLUDE_SOURCE;
				MTL_FAST_MATH = YES;
				ONLY_ACTIVE_ARCH = YES;
				SDKROOT = iphoneos;
				SWIFT_ACTIVE_COMPILATION_CONDITIONS = DEBUG;
				SWIFT_OPTIMIZATION_LEVEL = "-Onone";
			};
			name = Debug;
		};
		0FC0FFBC261FE69900DB0768 /* Release */ = {
			isa = XCBuildConfiguration;
			buildSettings = {
				ALWAYS_SEARCH_USER_PATHS = NO;
				CLANG_ANALYZER_NONNULL = YES;
				CLANG_ANALYZER_NUMBER_OBJECT_CONVERSION = YES_AGGRESSIVE;
				CLANG_CXX_LANGUAGE_STANDARD = "gnu++14";
				CLANG_CXX_LIBRARY = "libc++";
				CLANG_ENABLE_MODULES = YES;
				CLANG_ENABLE_OBJC_ARC = YES;
				CLANG_ENABLE_OBJC_WEAK = YES;
				CLANG_WARN_BLOCK_CAPTURE_AUTORELEASING = YES;
				CLANG_WARN_BOOL_CONVERSION = YES;
				CLANG_WARN_COMMA = YES;
				CLANG_WARN_CONSTANT_CONVERSION = YES;
				CLANG_WARN_DEPRECATED_OBJC_IMPLEMENTATIONS = YES;
				CLANG_WARN_DIRECT_OBJC_ISA_USAGE = YES_ERROR;
				CLANG_WARN_DOCUMENTATION_COMMENTS = YES;
				CLANG_WARN_EMPTY_BODY = YES;
				CLANG_WARN_ENUM_CONVERSION = YES;
				CLANG_WARN_INFINITE_RECURSION = YES;
				CLANG_WARN_INT_CONVERSION = YES;
				CLANG_WARN_NON_LITERAL_NULL_CONVERSION = YES;
				CLANG_WARN_OBJC_IMPLICIT_RETAIN_SELF = YES;
				CLANG_WARN_OBJC_LITERAL_CONVERSION = YES;
				CLANG_WARN_OBJC_ROOT_CLASS = YES_ERROR;
				CLANG_WARN_QUOTED_INCLUDE_IN_FRAMEWORK_HEADER = YES;
				CLANG_WARN_RANGE_LOOP_ANALYSIS = YES;
				CLANG_WARN_STRICT_PROTOTYPES = YES;
				CLANG_WARN_SUSPICIOUS_MOVE = YES;
				CLANG_WARN_UNGUARDED_AVAILABILITY = YES_AGGRESSIVE;
				CLANG_WARN_UNREACHABLE_CODE = YES;
				CLANG_WARN__DUPLICATE_METHOD_MATCH = YES;
				COPY_PHASE_STRIP = NO;
				DEBUG_INFORMATION_FORMAT = "dwarf-with-dsym";
				ENABLE_NS_ASSERTIONS = NO;
				ENABLE_STRICT_OBJC_MSGSEND = YES;
				GCC_C_LANGUAGE_STANDARD = gnu11;
				GCC_NO_COMMON_BLOCKS = YES;
				GCC_WARN_64_TO_32_BIT_CONVERSION = YES;
				GCC_WARN_ABOUT_RETURN_TYPE = YES_ERROR;
				GCC_WARN_UNDECLARED_SELECTOR = YES;
				GCC_WARN_UNINITIALIZED_AUTOS = YES_AGGRESSIVE;
				GCC_WARN_UNUSED_FUNCTION = YES;
				GCC_WARN_UNUSED_VARIABLE = YES;
				IPHONEOS_DEPLOYMENT_TARGET = 14.3;
				MTL_ENABLE_DEBUG_INFO = NO;
				MTL_FAST_MATH = YES;
				SDKROOT = iphoneos;
				SWIFT_COMPILATION_MODE = wholemodule;
				SWIFT_OPTIMIZATION_LEVEL = "-O";
				VALIDATE_PRODUCT = YES;
			};
			name = Release;
		};
		0FC0FFBE261FE69900DB0768 /* Debug */ = {
			isa = XCBuildConfiguration;
			baseConfigurationReference = B2E8CB0438EAD10F481B0B8D /* Pods-Articles List.debug.xcconfig */;
			buildSettings = {
				ASSETCATALOG_COMPILER_APPICON_NAME = AppIcon;
				ASSETCATALOG_COMPILER_GLOBAL_ACCENT_COLOR_NAME = AccentColor;
				CODE_SIGN_STYLE = Automatic;
				DEVELOPMENT_TEAM = TXGG4M9RK8;
				INFOPLIST_FILE = "Articles List/Resourses/Info.plist";
				IPHONEOS_DEPLOYMENT_TARGET = 13.0;
				LD_RUNPATH_SEARCH_PATHS = (
					"$(inherited)",
					"@executable_path/Frameworks",
				);
				PRODUCT_BUNDLE_IDENTIFIER = "com.articles-list.Articles-List";
				PRODUCT_NAME = "$(TARGET_NAME)";
				SWIFT_VERSION = 5.0;
				TARGETED_DEVICE_FAMILY = "1,2";
			};
			name = Debug;
		};
		0FC0FFBF261FE69900DB0768 /* Release */ = {
			isa = XCBuildConfiguration;
			baseConfigurationReference = 6F4AC94F8BD609E201C59A37 /* Pods-Articles List.release.xcconfig */;
			buildSettings = {
				ASSETCATALOG_COMPILER_APPICON_NAME = AppIcon;
				ASSETCATALOG_COMPILER_GLOBAL_ACCENT_COLOR_NAME = AccentColor;
				CODE_SIGN_STYLE = Automatic;
				DEVELOPMENT_TEAM = TXGG4M9RK8;
				INFOPLIST_FILE = "Articles List/Resourses/Info.plist";
				IPHONEOS_DEPLOYMENT_TARGET = 13.0;
				LD_RUNPATH_SEARCH_PATHS = (
					"$(inherited)",
					"@executable_path/Frameworks",
				);
				PRODUCT_BUNDLE_IDENTIFIER = "com.articles-list.Articles-List";
				PRODUCT_NAME = "$(TARGET_NAME)";
				SWIFT_VERSION = 5.0;
				TARGETED_DEVICE_FAMILY = "1,2";
			};
			name = Release;
		};
/* End XCBuildConfiguration section */

/* Begin XCConfigurationList section */
		0F5A0B922631A5A300B17D4F /* Build configuration list for PBXNativeTarget "Articles List_Tests" */ = {
			isa = XCConfigurationList;
			buildConfigurations = (
				0F5A0B932631A5A300B17D4F /* Debug */,
				0F5A0B942631A5A300B17D4F /* Release */,
			);
			defaultConfigurationIsVisible = 0;
			defaultConfigurationName = Release;
		};
		0FC0FFA4261FE69900DB0768 /* Build configuration list for PBXProject "Articles List" */ = {
			isa = XCConfigurationList;
			buildConfigurations = (
				0FC0FFBB261FE69900DB0768 /* Debug */,
				0FC0FFBC261FE69900DB0768 /* Release */,
			);
			defaultConfigurationIsVisible = 0;
			defaultConfigurationName = Release;
		};
		0FC0FFBD261FE69900DB0768 /* Build configuration list for PBXNativeTarget "Articles List" */ = {
			isa = XCConfigurationList;
			buildConfigurations = (
				0FC0FFBE261FE69900DB0768 /* Debug */,
				0FC0FFBF261FE69900DB0768 /* Release */,
			);
			defaultConfigurationIsVisible = 0;
			defaultConfigurationName = Release;
		};
/* End XCConfigurationList section */

/* Begin XCVersionGroup section */
		0F1ABA0F2620AAF100A6E32D /* ArticleModelCD.xcdatamodeld */ = {
			isa = XCVersionGroup;
			children = (
				0F1ABA102620AAF100A6E32D /* ArticleModelCoreData.xcdatamodel */,
			);
			currentVersion = 0F1ABA102620AAF100A6E32D /* ArticleModelCoreData.xcdatamodel */;
			path = ArticleModelCD.xcdatamodeld;
			sourceTree = "<group>";
			versionGroupType = wrapper.xcdatamodel;
		};
/* End XCVersionGroup section */
	};
	rootObject = 0FC0FFA1261FE69900DB0768 /* Project object */;
}
